// !$*UTF8*$!
{
	archiveVersion = 1;
	classes = {
	};
	objectVersion = 50;
	objects = {

/* Begin PBXBuildFile section */
		2A459B5AE40CE84E3C30C296 /* libPods-weatherTomorrow.a in Frameworks */ = {isa = PBXBuildFile; fileRef = B1B65185D2F65724750FE559 /* libPods-weatherTomorrow.a */; };
		432907ED2C3EB28463341056 /* libPods-weatherTomorrowUITests.a in Frameworks */ = {isa = PBXBuildFile; fileRef = 1744BD5BC2D44BF3335FB25D /* libPods-weatherTomorrowUITests.a */; };
		6F02731D239EA36800A2C253 /* emojiFile.swift in Sources */ = {isa = PBXBuildFile; fileRef = 6F02731C239EA36800A2C253 /* emojiFile.swift */; };
		6F027321239EA62E00A2C253 /* locationStruct.swift in Sources */ = {isa = PBXBuildFile; fileRef = 6F027320239EA62E00A2C253 /* locationStruct.swift */; };
		6F254BC623C6666400501D55 /* LocationSearchTable.swift in Sources */ = {isa = PBXBuildFile; fileRef = 6F254BC523C6666400501D55 /* LocationSearchTable.swift */; };
		6F702174239DADA300BE5694 /* AppDelegate.swift in Sources */ = {isa = PBXBuildFile; fileRef = 6F702173239DADA300BE5694 /* AppDelegate.swift */; };
		6F702176239DADA300BE5694 /* SceneDelegate.swift in Sources */ = {isa = PBXBuildFile; fileRef = 6F702175239DADA300BE5694 /* SceneDelegate.swift */; };
		6F702178239DADA300BE5694 /* ViewController.swift in Sources */ = {isa = PBXBuildFile; fileRef = 6F702177239DADA300BE5694 /* ViewController.swift */; };
		6F70217B239DADA300BE5694 /* Main.storyboard in Resources */ = {isa = PBXBuildFile; fileRef = 6F702179239DADA300BE5694 /* Main.storyboard */; };
		6F70217D239DADA500BE5694 /* Assets.xcassets in Resources */ = {isa = PBXBuildFile; fileRef = 6F70217C239DADA500BE5694 /* Assets.xcassets */; };
		6F702180239DADA500BE5694 /* LaunchScreen.storyboard in Resources */ = {isa = PBXBuildFile; fileRef = 6F70217E239DADA500BE5694 /* LaunchScreen.storyboard */; };
		6F70218B239DADA500BE5694 /* weatherTomorrowTests.swift in Sources */ = {isa = PBXBuildFile; fileRef = 6F70218A239DADA500BE5694 /* weatherTomorrowTests.swift */; };
		6F702196239DADA500BE5694 /* weatherTomorrowUITests.swift in Sources */ = {isa = PBXBuildFile; fileRef = 6F702195239DADA500BE5694 /* weatherTomorrowUITests.swift */; };
		6F7021A4239DB0D800BE5694 /* Configuration.swift in Sources */ = {isa = PBXBuildFile; fileRef = 6F7021A3239DB0D800BE5694 /* Configuration.swift */; };
		6F7021A7239DB20500BE5694 /* DataManager.swift in Sources */ = {isa = PBXBuildFile; fileRef = 6F7021A6239DB20500BE5694 /* DataManager.swift */; };
		6F7021A9239DD6C700BE5694 /* WeatherData.swift in Sources */ = {isa = PBXBuildFile; fileRef = 6F7021A8239DD6C700BE5694 /* WeatherData.swift */; };
		6F97147E23C6B9BC00FF300F /* addBackground.swift in Sources */ = {isa = PBXBuildFile; fileRef = 6F97147D23C6B9BC00FF300F /* addBackground.swift */; };
		D58AD60A6AB73BB78921ED74 /* libPods-weatherTomorrowTests.a in Frameworks */ = {isa = PBXBuildFile; fileRef = 7B91A8FFC09D7E7AA448DB91 /* libPods-weatherTomorrowTests.a */; };
/* End PBXBuildFile section */

/* Begin PBXContainerItemProxy section */
		6F702187239DADA500BE5694 /* PBXContainerItemProxy */ = {
			isa = PBXContainerItemProxy;
			containerPortal = 6F702168239DADA200BE5694 /* Project object */;
			proxyType = 1;
			remoteGlobalIDString = 6F70216F239DADA200BE5694;
			remoteInfo = weatherTomorrow;
		};
		6F702192239DADA500BE5694 /* PBXContainerItemProxy */ = {
			isa = PBXContainerItemProxy;
			containerPortal = 6F702168239DADA200BE5694 /* Project object */;
			proxyType = 1;
			remoteGlobalIDString = 6F70216F239DADA200BE5694;
			remoteInfo = weatherTomorrow;
		};
/* End PBXContainerItemProxy section */

/* Begin PBXFileReference section */
		1744BD5BC2D44BF3335FB25D /* libPods-weatherTomorrowUITests.a */ = {isa = PBXFileReference; explicitFileType = archive.ar; includeInIndex = 0; path = "libPods-weatherTomorrowUITests.a"; sourceTree = BUILT_PRODUCTS_DIR; };
		17C9B368D99F6669C3D9F4E4 /* Pods-weatherTomorrowTests.release.xcconfig */ = {isa = PBXFileReference; includeInIndex = 1; lastKnownFileType = text.xcconfig; name = "Pods-weatherTomorrowTests.release.xcconfig"; path = "Target Support Files/Pods-weatherTomorrowTests/Pods-weatherTomorrowTests.release.xcconfig"; sourceTree = "<group>"; };
		6D992596E3B0E063D2275853 /* Pods-weatherTomorrowUITests.debug.xcconfig */ = {isa = PBXFileReference; includeInIndex = 1; lastKnownFileType = text.xcconfig; name = "Pods-weatherTomorrowUITests.debug.xcconfig"; path = "Target Support Files/Pods-weatherTomorrowUITests/Pods-weatherTomorrowUITests.debug.xcconfig"; sourceTree = "<group>"; };
		6F02731C239EA36800A2C253 /* emojiFile.swift */ = {isa = PBXFileReference; lastKnownFileType = sourcecode.swift; path = emojiFile.swift; sourceTree = "<group>"; };
		6F027320239EA62E00A2C253 /* locationStruct.swift */ = {isa = PBXFileReference; lastKnownFileType = sourcecode.swift; path = locationStruct.swift; sourceTree = "<group>"; };
		6F254BC523C6666400501D55 /* LocationSearchTable.swift */ = {isa = PBXFileReference; lastKnownFileType = sourcecode.swift; path = LocationSearchTable.swift; sourceTree = "<group>"; };
		6F702170239DADA300BE5694 /* weatherTomorrow.app */ = {isa = PBXFileReference; explicitFileType = wrapper.application; includeInIndex = 0; path = weatherTomorrow.app; sourceTree = BUILT_PRODUCTS_DIR; };
		6F702173239DADA300BE5694 /* AppDelegate.swift */ = {isa = PBXFileReference; lastKnownFileType = sourcecode.swift; path = AppDelegate.swift; sourceTree = "<group>"; };
		6F702175239DADA300BE5694 /* SceneDelegate.swift */ = {isa = PBXFileReference; lastKnownFileType = sourcecode.swift; path = SceneDelegate.swift; sourceTree = "<group>"; };
		6F702177239DADA300BE5694 /* ViewController.swift */ = {isa = PBXFileReference; lastKnownFileType = sourcecode.swift; path = ViewController.swift; sourceTree = "<group>"; };
		6F70217A239DADA300BE5694 /* Base */ = {isa = PBXFileReference; lastKnownFileType = file.storyboard; name = Base; path = Base.lproj/Main.storyboard; sourceTree = "<group>"; };
		6F70217C239DADA500BE5694 /* Assets.xcassets */ = {isa = PBXFileReference; lastKnownFileType = folder.assetcatalog; path = Assets.xcassets; sourceTree = "<group>"; };
		6F70217F239DADA500BE5694 /* Base */ = {isa = PBXFileReference; lastKnownFileType = file.storyboard; name = Base; path = Base.lproj/LaunchScreen.storyboard; sourceTree = "<group>"; };
		6F702181239DADA500BE5694 /* Info.plist */ = {isa = PBXFileReference; lastKnownFileType = text.plist.xml; path = Info.plist; sourceTree = "<group>"; };
		6F702186239DADA500BE5694 /* weatherTomorrowTests.xctest */ = {isa = PBXFileReference; explicitFileType = wrapper.cfbundle; includeInIndex = 0; path = weatherTomorrowTests.xctest; sourceTree = BUILT_PRODUCTS_DIR; };
		6F70218A239DADA500BE5694 /* weatherTomorrowTests.swift */ = {isa = PBXFileReference; lastKnownFileType = sourcecode.swift; path = weatherTomorrowTests.swift; sourceTree = "<group>"; };
		6F70218C239DADA500BE5694 /* Info.plist */ = {isa = PBXFileReference; lastKnownFileType = text.plist.xml; path = Info.plist; sourceTree = "<group>"; };
		6F702191239DADA500BE5694 /* weatherTomorrowUITests.xctest */ = {isa = PBXFileReference; explicitFileType = wrapper.cfbundle; includeInIndex = 0; path = weatherTomorrowUITests.xctest; sourceTree = BUILT_PRODUCTS_DIR; };
		6F702195239DADA500BE5694 /* weatherTomorrowUITests.swift */ = {isa = PBXFileReference; lastKnownFileType = sourcecode.swift; path = weatherTomorrowUITests.swift; sourceTree = "<group>"; };
		6F702197239DADA500BE5694 /* Info.plist */ = {isa = PBXFileReference; lastKnownFileType = text.plist.xml; path = Info.plist; sourceTree = "<group>"; };
		6F7021A3239DB0D800BE5694 /* Configuration.swift */ = {isa = PBXFileReference; lastKnownFileType = sourcecode.swift; path = Configuration.swift; sourceTree = "<group>"; };
		6F7021A6239DB20500BE5694 /* DataManager.swift */ = {isa = PBXFileReference; lastKnownFileType = sourcecode.swift; path = DataManager.swift; sourceTree = "<group>"; };
		6F7021A8239DD6C700BE5694 /* WeatherData.swift */ = {isa = PBXFileReference; lastKnownFileType = sourcecode.swift; path = WeatherData.swift; sourceTree = "<group>"; };
		6F97147D23C6B9BC00FF300F /* addBackground.swift */ = {isa = PBXFileReference; lastKnownFileType = sourcecode.swift; path = addBackground.swift; sourceTree = "<group>"; };
		7B098FBCE31B602232335B85 /* Pods-weatherTomorrow.debug.xcconfig */ = {isa = PBXFileReference; includeInIndex = 1; lastKnownFileType = text.xcconfig; name = "Pods-weatherTomorrow.debug.xcconfig"; path = "Target Support Files/Pods-weatherTomorrow/Pods-weatherTomorrow.debug.xcconfig"; sourceTree = "<group>"; };
		7B91A8FFC09D7E7AA448DB91 /* libPods-weatherTomorrowTests.a */ = {isa = PBXFileReference; explicitFileType = archive.ar; includeInIndex = 0; path = "libPods-weatherTomorrowTests.a"; sourceTree = BUILT_PRODUCTS_DIR; };
		874D683D059F5D46D5217BA0 /* Pods-weatherTomorrow-weatherTomorrowUITests.debug.xcconfig */ = {isa = PBXFileReference; includeInIndex = 1; lastKnownFileType = text.xcconfig; name = "Pods-weatherTomorrow-weatherTomorrowUITests.debug.xcconfig"; path = "Target Support Files/Pods-weatherTomorrow-weatherTomorrowUITests/Pods-weatherTomorrow-weatherTomorrowUITests.debug.xcconfig"; sourceTree = "<group>"; };
		AF32254B264067EE66CBEA83 /* Pods-weatherTomorrowUITests.release.xcconfig */ = {isa = PBXFileReference; includeInIndex = 1; lastKnownFileType = text.xcconfig; name = "Pods-weatherTomorrowUITests.release.xcconfig"; path = "Target Support Files/Pods-weatherTomorrowUITests/Pods-weatherTomorrowUITests.release.xcconfig"; sourceTree = "<group>"; };
		B1B65185D2F65724750FE559 /* libPods-weatherTomorrow.a */ = {isa = PBXFileReference; explicitFileType = archive.ar; includeInIndex = 0; path = "libPods-weatherTomorrow.a"; sourceTree = BUILT_PRODUCTS_DIR; };
		C7E3E3BEEA578085F902E554 /* Pods-weatherTomorrow-weatherTomorrowUITests.release.xcconfig */ = {isa = PBXFileReference; includeInIndex = 1; lastKnownFileType = text.xcconfig; name = "Pods-weatherTomorrow-weatherTomorrowUITests.release.xcconfig"; path = "Target Support Files/Pods-weatherTomorrow-weatherTomorrowUITests/Pods-weatherTomorrow-weatherTomorrowUITests.release.xcconfig"; sourceTree = "<group>"; };
		F12B3F980906A758EB023CB5 /* Pods-weatherTomorrowTests.debug.xcconfig */ = {isa = PBXFileReference; includeInIndex = 1; lastKnownFileType = text.xcconfig; name = "Pods-weatherTomorrowTests.debug.xcconfig"; path = "Target Support Files/Pods-weatherTomorrowTests/Pods-weatherTomorrowTests.debug.xcconfig"; sourceTree = "<group>"; };
		F38105E09F65BB0EC6334F27 /* Pods-weatherTomorrow.release.xcconfig */ = {isa = PBXFileReference; includeInIndex = 1; lastKnownFileType = text.xcconfig; name = "Pods-weatherTomorrow.release.xcconfig"; path = "Target Support Files/Pods-weatherTomorrow/Pods-weatherTomorrow.release.xcconfig"; sourceTree = "<group>"; };
/* End PBXFileReference section */

/* Begin PBXFrameworksBuildPhase section */
		6F70216D239DADA200BE5694 /* Frameworks */ = {
			isa = PBXFrameworksBuildPhase;
			buildActionMask = 2147483647;
			files = (
				2A459B5AE40CE84E3C30C296 /* libPods-weatherTomorrow.a in Frameworks */,
			);
			runOnlyForDeploymentPostprocessing = 0;
		};
		6F702183239DADA500BE5694 /* Frameworks */ = {
			isa = PBXFrameworksBuildPhase;
			buildActionMask = 2147483647;
			files = (
				D58AD60A6AB73BB78921ED74 /* libPods-weatherTomorrowTests.a in Frameworks */,
			);
			runOnlyForDeploymentPostprocessing = 0;
		};
		6F70218E239DADA500BE5694 /* Frameworks */ = {
			isa = PBXFrameworksBuildPhase;
			buildActionMask = 2147483647;
			files = (
				432907ED2C3EB28463341056 /* libPods-weatherTomorrowUITests.a in Frameworks */,
			);
			runOnlyForDeploymentPostprocessing = 0;
		};
/* End PBXFrameworksBuildPhase section */

/* Begin PBXGroup section */
		5E07AA02C73C58A6CC3424FD /* Frameworks */ = {
			isa = PBXGroup;
			children = (
				B1B65185D2F65724750FE559 /* libPods-weatherTomorrow.a */,
				7B91A8FFC09D7E7AA448DB91 /* libPods-weatherTomorrowTests.a */,
				1744BD5BC2D44BF3335FB25D /* libPods-weatherTomorrowUITests.a */,
			);
			name = Frameworks;
			sourceTree = "<group>";
		};
		6F702167239DADA200BE5694 = {
			isa = PBXGroup;
			children = (
				6F702172239DADA300BE5694 /* weatherTomorrow */,
				6F702189239DADA500BE5694 /* weatherTomorrowTests */,
				6F702194239DADA500BE5694 /* weatherTomorrowUITests */,
				6F702171239DADA300BE5694 /* Products */,
				E79A476543F71ABE7B24ABDA /* Pods */,
				5E07AA02C73C58A6CC3424FD /* Frameworks */,
			);
			sourceTree = "<group>";
		};
		6F702171239DADA300BE5694 /* Products */ = {
			isa = PBXGroup;
			children = (
				6F702170239DADA300BE5694 /* weatherTomorrow.app */,
				6F702186239DADA500BE5694 /* weatherTomorrowTests.xctest */,
				6F702191239DADA500BE5694 /* weatherTomorrowUITests.xctest */,
			);
			name = Products;
			sourceTree = "<group>";
		};
		6F702172239DADA300BE5694 /* weatherTomorrow */ = {
			isa = PBXGroup;
			children = (
				6F7021A5239DB1F400BE5694 /* Managers */,
				6F702173239DADA300BE5694 /* AppDelegate.swift */,
				6F702175239DADA300BE5694 /* SceneDelegate.swift */,
				6F702177239DADA300BE5694 /* ViewController.swift */,
				6F702179239DADA300BE5694 /* Main.storyboard */,
				6F70217C239DADA500BE5694 /* Assets.xcassets */,
				6F70217E239DADA500BE5694 /* LaunchScreen.storyboard */,
				6F702181239DADA500BE5694 /* Info.plist */,
				6F7021A3239DB0D800BE5694 /* Configuration.swift */,
				6F02731C239EA36800A2C253 /* emojiFile.swift */,
				6F254BC523C6666400501D55 /* LocationSearchTable.swift */,
				6F97147D23C6B9BC00FF300F /* addBackground.swift */,
			);
			path = weatherTomorrow;
			sourceTree = "<group>";
		};
		6F702189239DADA500BE5694 /* weatherTomorrowTests */ = {
			isa = PBXGroup;
			children = (
				6F70218A239DADA500BE5694 /* weatherTomorrowTests.swift */,
				6F70218C239DADA500BE5694 /* Info.plist */,
			);
			path = weatherTomorrowTests;
			sourceTree = "<group>";
		};
		6F702194239DADA500BE5694 /* weatherTomorrowUITests */ = {
			isa = PBXGroup;
			children = (
				6F702195239DADA500BE5694 /* weatherTomorrowUITests.swift */,
				6F702197239DADA500BE5694 /* Info.plist */,
			);
			path = weatherTomorrowUITests;
			sourceTree = "<group>";
		};
		6F7021A5239DB1F400BE5694 /* Managers */ = {
			isa = PBXGroup;
			children = (
				6F7021A6239DB20500BE5694 /* DataManager.swift */,
				6F7021A8239DD6C700BE5694 /* WeatherData.swift */,
				6F027320239EA62E00A2C253 /* locationStruct.swift */,
			);
			path = Managers;
			sourceTree = "<group>";
		};
		E79A476543F71ABE7B24ABDA /* Pods */ = {
			isa = PBXGroup;
			children = (
				7B098FBCE31B602232335B85 /* Pods-weatherTomorrow.debug.xcconfig */,
				F38105E09F65BB0EC6334F27 /* Pods-weatherTomorrow.release.xcconfig */,
				874D683D059F5D46D5217BA0 /* Pods-weatherTomorrow-weatherTomorrowUITests.debug.xcconfig */,
				C7E3E3BEEA578085F902E554 /* Pods-weatherTomorrow-weatherTomorrowUITests.release.xcconfig */,
				F12B3F980906A758EB023CB5 /* Pods-weatherTomorrowTests.debug.xcconfig */,
				17C9B368D99F6669C3D9F4E4 /* Pods-weatherTomorrowTests.release.xcconfig */,
				6D992596E3B0E063D2275853 /* Pods-weatherTomorrowUITests.debug.xcconfig */,
				AF32254B264067EE66CBEA83 /* Pods-weatherTomorrowUITests.release.xcconfig */,
			);
			path = Pods;
			sourceTree = "<group>";
		};
/* End PBXGroup section */

/* Begin PBXNativeTarget section */
		6F70216F239DADA200BE5694 /* weatherTomorrow */ = {
			isa = PBXNativeTarget;
			buildConfigurationList = 6F70219A239DADA500BE5694 /* Build configuration list for PBXNativeTarget "weatherTomorrow" */;
			buildPhases = (
				D490C8E89B1517E6C49DA841 /* [CP] Check Pods Manifest.lock */,
				6F70216C239DADA200BE5694 /* Sources */,
				6F70216D239DADA200BE5694 /* Frameworks */,
				6F70216E239DADA200BE5694 /* Resources */,
			);
			buildRules = (
			);
			dependencies = (
			);
			name = weatherTomorrow;
			productName = weatherTomorrow;
			productReference = 6F702170239DADA300BE5694 /* weatherTomorrow.app */;
			productType = "com.apple.product-type.application";
		};
		6F702185239DADA500BE5694 /* weatherTomorrowTests */ = {
			isa = PBXNativeTarget;
			buildConfigurationList = 6F70219D239DADA500BE5694 /* Build configuration list for PBXNativeTarget "weatherTomorrowTests" */;
			buildPhases = (
				047DCF40C19C6BA51CB2B4BB /* [CP] Check Pods Manifest.lock */,
				6F702182239DADA500BE5694 /* Sources */,
				6F702183239DADA500BE5694 /* Frameworks */,
				6F702184239DADA500BE5694 /* Resources */,
			);
			buildRules = (
			);
			dependencies = (
				6F702188239DADA500BE5694 /* PBXTargetDependency */,
			);
			name = weatherTomorrowTests;
			productName = weatherTomorrowTests;
			productReference = 6F702186239DADA500BE5694 /* weatherTomorrowTests.xctest */;
			productType = "com.apple.product-type.bundle.unit-test";
		};
		6F702190239DADA500BE5694 /* weatherTomorrowUITests */ = {
			isa = PBXNativeTarget;
			buildConfigurationList = 6F7021A0239DADA500BE5694 /* Build configuration list for PBXNativeTarget "weatherTomorrowUITests" */;
			buildPhases = (
				A3B385F42D7808177F30275C /* [CP] Check Pods Manifest.lock */,
				6F70218D239DADA500BE5694 /* Sources */,
				6F70218E239DADA500BE5694 /* Frameworks */,
				6F70218F239DADA500BE5694 /* Resources */,
			);
			buildRules = (
			);
			dependencies = (
				6F702193239DADA500BE5694 /* PBXTargetDependency */,
			);
			name = weatherTomorrowUITests;
			productName = weatherTomorrowUITests;
			productReference = 6F702191239DADA500BE5694 /* weatherTomorrowUITests.xctest */;
			productType = "com.apple.product-type.bundle.ui-testing";
		};
/* End PBXNativeTarget section */

/* Begin PBXProject section */
		6F702168239DADA200BE5694 /* Project object */ = {
			isa = PBXProject;
			attributes = {
				LastSwiftUpdateCheck = 1120;
				LastUpgradeCheck = 1120;
				ORGANIZATIONNAME = "Razvan-Antonio Berbece";
				TargetAttributes = {
					6F70216F239DADA200BE5694 = {
						CreatedOnToolsVersion = 11.2.1;
					};
					6F702185239DADA500BE5694 = {
						CreatedOnToolsVersion = 11.2.1;
						TestTargetID = 6F70216F239DADA200BE5694;
					};
					6F702190239DADA500BE5694 = {
						CreatedOnToolsVersion = 11.2.1;
						TestTargetID = 6F70216F239DADA200BE5694;
					};
				};
			};
			buildConfigurationList = 6F70216B239DADA200BE5694 /* Build configuration list for PBXProject "weatherTomorrow" */;
			compatibilityVersion = "Xcode 9.3";
			developmentRegion = en;
			hasScannedForEncodings = 0;
			knownRegions = (
				en,
				Base,
			);
			mainGroup = 6F702167239DADA200BE5694;
			productRefGroup = 6F702171239DADA300BE5694 /* Products */;
			projectDirPath = "";
			projectRoot = "";
			targets = (
				6F70216F239DADA200BE5694 /* weatherTomorrow */,
				6F702185239DADA500BE5694 /* weatherTomorrowTests */,
				6F702190239DADA500BE5694 /* weatherTomorrowUITests */,
			);
		};
/* End PBXProject section */

/* Begin PBXResourcesBuildPhase section */
		6F70216E239DADA200BE5694 /* Resources */ = {
			isa = PBXResourcesBuildPhase;
			buildActionMask = 2147483647;
			files = (
				6F702180239DADA500BE5694 /* LaunchScreen.storyboard in Resources */,
				6F70217D239DADA500BE5694 /* Assets.xcassets in Resources */,
				6F70217B239DADA300BE5694 /* Main.storyboard in Resources */,
			);
			runOnlyForDeploymentPostprocessing = 0;
		};
		6F702184239DADA500BE5694 /* Resources */ = {
			isa = PBXResourcesBuildPhase;
			buildActionMask = 2147483647;
			files = (
			);
			runOnlyForDeploymentPostprocessing = 0;
		};
		6F70218F239DADA500BE5694 /* Resources */ = {
			isa = PBXResourcesBuildPhase;
			buildActionMask = 2147483647;
			files = (
			);
			runOnlyForDeploymentPostprocessing = 0;
		};
/* End PBXResourcesBuildPhase section */

/* Begin PBXShellScriptBuildPhase section */
		047DCF40C19C6BA51CB2B4BB /* [CP] Check Pods Manifest.lock */ = {
			isa = PBXShellScriptBuildPhase;
			buildActionMask = 2147483647;
			files = (
			);
			inputFileListPaths = (
			);
			inputPaths = (
				"${PODS_PODFILE_DIR_PATH}/Podfile.lock",
				"${PODS_ROOT}/Manifest.lock",
			);
			name = "[CP] Check Pods Manifest.lock";
			outputFileListPaths = (
			);
			outputPaths = (
				"$(DERIVED_FILE_DIR)/Pods-weatherTomorrowTests-checkManifestLockResult.txt",
			);
			runOnlyForDeploymentPostprocessing = 0;
			shellPath = /bin/sh;
			shellScript = "diff \"${PODS_PODFILE_DIR_PATH}/Podfile.lock\" \"${PODS_ROOT}/Manifest.lock\" > /dev/null\nif [ $? != 0 ] ; then\n    # print error to STDERR\n    echo \"error: The sandbox is not in sync with the Podfile.lock. Run 'pod install' or update your CocoaPods installation.\" >&2\n    exit 1\nfi\n# This output is used by Xcode 'outputs' to avoid re-running this script phase.\necho \"SUCCESS\" > \"${SCRIPT_OUTPUT_FILE_0}\"\n";
			showEnvVarsInLog = 0;
		};
		A3B385F42D7808177F30275C /* [CP] Check Pods Manifest.lock */ = {
			isa = PBXShellScriptBuildPhase;
			buildActionMask = 2147483647;
			files = (
			);
			inputFileListPaths = (
			);
			inputPaths = (
				"${PODS_PODFILE_DIR_PATH}/Podfile.lock",
				"${PODS_ROOT}/Manifest.lock",
			);
			name = "[CP] Check Pods Manifest.lock";
			outputFileListPaths = (
			);
			outputPaths = (
				"$(DERIVED_FILE_DIR)/Pods-weatherTomorrowUITests-checkManifestLockResult.txt",
			);
			runOnlyForDeploymentPostprocessing = 0;
			shellPath = /bin/sh;
			shellScript = "diff \"${PODS_PODFILE_DIR_PATH}/Podfile.lock\" \"${PODS_ROOT}/Manifest.lock\" > /dev/null\nif [ $? != 0 ] ; then\n    # print error to STDERR\n    echo \"error: The sandbox is not in sync with the Podfile.lock. Run 'pod install' or update your CocoaPods installation.\" >&2\n    exit 1\nfi\n# This output is used by Xcode 'outputs' to avoid re-running this script phase.\necho \"SUCCESS\" > \"${SCRIPT_OUTPUT_FILE_0}\"\n";
			showEnvVarsInLog = 0;
		};
		D490C8E89B1517E6C49DA841 /* [CP] Check Pods Manifest.lock */ = {
			isa = PBXShellScriptBuildPhase;
			buildActionMask = 2147483647;
			files = (
			);
			inputFileListPaths = (
			);
			inputPaths = (
				"${PODS_PODFILE_DIR_PATH}/Podfile.lock",
				"${PODS_ROOT}/Manifest.lock",
			);
			name = "[CP] Check Pods Manifest.lock";
			outputFileListPaths = (
			);
			outputPaths = (
				"$(DERIVED_FILE_DIR)/Pods-weatherTomorrow-checkManifestLockResult.txt",
			);
			runOnlyForDeploymentPostprocessing = 0;
			shellPath = /bin/sh;
			shellScript = "diff \"${PODS_PODFILE_DIR_PATH}/Podfile.lock\" \"${PODS_ROOT}/Manifest.lock\" > /dev/null\nif [ $? != 0 ] ; then\n    # print error to STDERR\n    echo \"error: The sandbox is not in sync with the Podfile.lock. Run 'pod install' or update your CocoaPods installation.\" >&2\n    exit 1\nfi\n# This output is used by Xcode 'outputs' to avoid re-running this script phase.\necho \"SUCCESS\" > \"${SCRIPT_OUTPUT_FILE_0}\"\n";
			showEnvVarsInLog = 0;
		};
/* End PBXShellScriptBuildPhase section */

/* Begin PBXSourcesBuildPhase section */
		6F70216C239DADA200BE5694 /* Sources */ = {
			isa = PBXSourcesBuildPhase;
			buildActionMask = 2147483647;
			files = (
				6F702178239DADA300BE5694 /* ViewController.swift in Sources */,
				6F97147E23C6B9BC00FF300F /* addBackground.swift in Sources */,
				6F7021A9239DD6C700BE5694 /* WeatherData.swift in Sources */,
				6F02731D239EA36800A2C253 /* emojiFile.swift in Sources */,
				6F254BC623C6666400501D55 /* LocationSearchTable.swift in Sources */,
				6F7021A7239DB20500BE5694 /* DataManager.swift in Sources */,
				6F702174239DADA300BE5694 /* AppDelegate.swift in Sources */,
				6F027321239EA62E00A2C253 /* locationStruct.swift in Sources */,
				6F7021A4239DB0D800BE5694 /* Configuration.swift in Sources */,
				6F702176239DADA300BE5694 /* SceneDelegate.swift in Sources */,
			);
			runOnlyForDeploymentPostprocessing = 0;
		};
		6F702182239DADA500BE5694 /* Sources */ = {
			isa = PBXSourcesBuildPhase;
			buildActionMask = 2147483647;
			files = (
				6F70218B239DADA500BE5694 /* weatherTomorrowTests.swift in Sources */,
			);
			runOnlyForDeploymentPostprocessing = 0;
		};
		6F70218D239DADA500BE5694 /* Sources */ = {
			isa = PBXSourcesBuildPhase;
			buildActionMask = 2147483647;
			files = (
				6F702196239DADA500BE5694 /* weatherTomorrowUITests.swift in Sources */,
			);
			runOnlyForDeploymentPostprocessing = 0;
		};
/* End PBXSourcesBuildPhase section */

/* Begin PBXTargetDependency section */
		6F702188239DADA500BE5694 /* PBXTargetDependency */ = {
			isa = PBXTargetDependency;
			target = 6F70216F239DADA200BE5694 /* weatherTomorrow */;
			targetProxy = 6F702187239DADA500BE5694 /* PBXContainerItemProxy */;
		};
		6F702193239DADA500BE5694 /* PBXTargetDependency */ = {
			isa = PBXTargetDependency;
			target = 6F70216F239DADA200BE5694 /* weatherTomorrow */;
			targetProxy = 6F702192239DADA500BE5694 /* PBXContainerItemProxy */;
		};
/* End PBXTargetDependency section */

/* Begin PBXVariantGroup section */
		6F702179239DADA300BE5694 /* Main.storyboard */ = {
			isa = PBXVariantGroup;
			children = (
				6F70217A239DADA300BE5694 /* Base */,
			);
			name = Main.storyboard;
			sourceTree = "<group>";
		};
		6F70217E239DADA500BE5694 /* LaunchScreen.storyboard */ = {
			isa = PBXVariantGroup;
			children = (
				6F70217F239DADA500BE5694 /* Base */,
			);
			name = LaunchScreen.storyboard;
			sourceTree = "<group>";
		};
/* End PBXVariantGroup section */

/* Begin XCBuildConfiguration section */
		6F702198239DADA500BE5694 /* Debug */ = {
			isa = XCBuildConfiguration;
			buildSettings = {
				ALWAYS_SEARCH_USER_PATHS = NO;
				CLANG_ANALYZER_NONNULL = YES;
				CLANG_ANALYZER_NUMBER_OBJECT_CONVERSION = YES_AGGRESSIVE;
				CLANG_CXX_LANGUAGE_STANDARD = "gnu++14";
				CLANG_CXX_LIBRARY = "libc++";
				CLANG_ENABLE_MODULES = YES;
				CLANG_ENABLE_OBJC_ARC = YES;
				CLANG_ENABLE_OBJC_WEAK = YES;
				CLANG_WARN_BLOCK_CAPTURE_AUTORELEASING = YES;
				CLANG_WARN_BOOL_CONVERSION = YES;
				CLANG_WARN_COMMA = YES;
				CLANG_WARN_CONSTANT_CONVERSION = YES;
				CLANG_WARN_DEPRECATED_OBJC_IMPLEMENTATIONS = YES;
				CLANG_WARN_DIRECT_OBJC_ISA_USAGE = YES_ERROR;
				CLANG_WARN_DOCUMENTATION_COMMENTS = YES;
				CLANG_WARN_EMPTY_BODY = YES;
				CLANG_WARN_ENUM_CONVERSION = YES;
				CLANG_WARN_INFINITE_RECURSION = YES;
				CLANG_WARN_INT_CONVERSION = YES;
				CLANG_WARN_NON_LITERAL_NULL_CONVERSION = YES;
				CLANG_WARN_OBJC_IMPLICIT_RETAIN_SELF = YES;
				CLANG_WARN_OBJC_LITERAL_CONVERSION = YES;
				CLANG_WARN_OBJC_ROOT_CLASS = YES_ERROR;
				CLANG_WARN_RANGE_LOOP_ANALYSIS = YES;
				CLANG_WARN_STRICT_PROTOTYPES = YES;
				CLANG_WARN_SUSPICIOUS_MOVE = YES;
				CLANG_WARN_UNGUARDED_AVAILABILITY = YES_AGGRESSIVE;
				CLANG_WARN_UNREACHABLE_CODE = YES;
				CLANG_WARN__DUPLICATE_METHOD_MATCH = YES;
				COPY_PHASE_STRIP = NO;
				DEBUG_INFORMATION_FORMAT = dwarf;
				ENABLE_STRICT_OBJC_MSGSEND = YES;
				ENABLE_TESTABILITY = YES;
				GCC_C_LANGUAGE_STANDARD = gnu11;
				GCC_DYNAMIC_NO_PIC = NO;
				GCC_NO_COMMON_BLOCKS = YES;
				GCC_OPTIMIZATION_LEVEL = 0;
				GCC_PREPROCESSOR_DEFINITIONS = (
					"DEBUG=1",
					"$(inherited)",
				);
				GCC_WARN_64_TO_32_BIT_CONVERSION = YES;
				GCC_WARN_ABOUT_RETURN_TYPE = YES_ERROR;
				GCC_WARN_UNDECLARED_SELECTOR = YES;
				GCC_WARN_UNINITIALIZED_AUTOS = YES_AGGRESSIVE;
				GCC_WARN_UNUSED_FUNCTION = YES;
				GCC_WARN_UNUSED_VARIABLE = YES;
				IPHONEOS_DEPLOYMENT_TARGET = 13.2;
				MTL_ENABLE_DEBUG_INFO = INCLUDE_SOURCE;
				MTL_FAST_MATH = YES;
				ONLY_ACTIVE_ARCH = YES;
				SDKROOT = iphoneos;
				SWIFT_ACTIVE_COMPILATION_CONDITIONS = DEBUG;
				SWIFT_OPTIMIZATION_LEVEL = "-Onone";
			};
			name = Debug;
		};
		6F702199239DADA500BE5694 /* Release */ = {
			isa = XCBuildConfiguration;
			buildSettings = {
				ALWAYS_SEARCH_USER_PATHS = NO;
				CLANG_ANALYZER_NONNULL = YES;
				CLANG_ANALYZER_NUMBER_OBJECT_CONVERSION = YES_AGGRESSIVE;
				CLANG_CXX_LANGUAGE_STANDARD = "gnu++14";
				CLANG_CXX_LIBRARY = "libc++";
				CLANG_ENABLE_MODULES = YES;
				CLANG_ENABLE_OBJC_ARC = YES;
				CLANG_ENABLE_OBJC_WEAK = YES;
				CLANG_WARN_BLOCK_CAPTURE_AUTORELEASING = YES;
				CLANG_WARN_BOOL_CONVERSION = YES;
				CLANG_WARN_COMMA = YES;
				CLANG_WARN_CONSTANT_CONVERSION = YES;
				CLANG_WARN_DEPRECATED_OBJC_IMPLEMENTATIONS = YES;
				CLANG_WARN_DIRECT_OBJC_ISA_USAGE = YES_ERROR;
				CLANG_WARN_DOCUMENTATION_COMMENTS = YES;
				CLANG_WARN_EMPTY_BODY = YES;
				CLANG_WARN_ENUM_CONVERSION = YES;
				CLANG_WARN_INFINITE_RECURSION = YES;
				CLANG_WARN_INT_CONVERSION = YES;
				CLANG_WARN_NON_LITERAL_NULL_CONVERSION = YES;
				CLANG_WARN_OBJC_IMPLICIT_RETAIN_SELF = YES;
				CLANG_WARN_OBJC_LITERAL_CONVERSION = YES;
				CLANG_WARN_OBJC_ROOT_CLASS = YES_ERROR;
				CLANG_WARN_RANGE_LOOP_ANALYSIS = YES;
				CLANG_WARN_STRICT_PROTOTYPES = YES;
				CLANG_WARN_SUSPICIOUS_MOVE = YES;
				CLANG_WARN_UNGUARDED_AVAILABILITY = YES_AGGRESSIVE;
				CLANG_WARN_UNREACHABLE_CODE = YES;
				CLANG_WARN__DUPLICATE_METHOD_MATCH = YES;
				COPY_PHASE_STRIP = NO;
				DEBUG_INFORMATION_FORMAT = "dwarf-with-dsym";
				ENABLE_NS_ASSERTIONS = NO;
				ENABLE_STRICT_OBJC_MSGSEND = YES;
				GCC_C_LANGUAGE_STANDARD = gnu11;
				GCC_NO_COMMON_BLOCKS = YES;
				GCC_WARN_64_TO_32_BIT_CONVERSION = YES;
				GCC_WARN_ABOUT_RETURN_TYPE = YES_ERROR;
				GCC_WARN_UNDECLARED_SELECTOR = YES;
				GCC_WARN_UNINITIALIZED_AUTOS = YES_AGGRESSIVE;
				GCC_WARN_UNUSED_FUNCTION = YES;
				GCC_WARN_UNUSED_VARIABLE = YES;
				IPHONEOS_DEPLOYMENT_TARGET = 13.2;
				MTL_ENABLE_DEBUG_INFO = NO;
				MTL_FAST_MATH = YES;
				SDKROOT = iphoneos;
				SWIFT_COMPILATION_MODE = wholemodule;
				SWIFT_OPTIMIZATION_LEVEL = "-O";
				VALIDATE_PRODUCT = YES;
			};
			name = Release;
		};
		6F70219B239DADA500BE5694 /* Debug */ = {
			isa = XCBuildConfiguration;
			baseConfigurationReference = 7B098FBCE31B602232335B85 /* Pods-weatherTomorrow.debug.xcconfig */;
			buildSettings = {
				ASSETCATALOG_COMPILER_APPICON_NAME = AppIcon;
				CODE_SIGN_STYLE = Automatic;
				DEVELOPMENT_TEAM = 29K9HB3D8G;
				INFOPLIST_FILE = weatherTomorrow/Info.plist;
				LD_RUNPATH_SEARCH_PATHS = (
					"$(inherited)",
					"@executable_path/Frameworks",
				);
				MARKETING_VERSION = 1.5;
				PRODUCT_BUNDLE_IDENTIFIER = RB.weatherTomorrow;
				PRODUCT_NAME = "$(TARGET_NAME)";
				SWIFT_VERSION = 5.0;
				TARGETED_DEVICE_FAMILY = "1,2";
			};
			name = Debug;
		};
		6F70219C239DADA500BE5694 /* Release */ = {
			isa = XCBuildConfiguration;
			baseConfigurationReference = F38105E09F65BB0EC6334F27 /* Pods-weatherTomorrow.release.xcconfig */;
			buildSettings = {
				ASSETCATALOG_COMPILER_APPICON_NAME = AppIcon;
				CODE_SIGN_STYLE = Automatic;
				DEVELOPMENT_TEAM = 29K9HB3D8G;
				INFOPLIST_FILE = weatherTomorrow/Info.plist;
				LD_RUNPATH_SEARCH_PATHS = (
					"$(inherited)",
					"@executable_path/Frameworks",
				);
				MARKETING_VERSION = 1.5;
				PRODUCT_BUNDLE_IDENTIFIER = RB.weatherTomorrow;
				PRODUCT_NAME = "$(TARGET_NAME)";
				SWIFT_VERSION = 5.0;
				TARGETED_DEVICE_FAMILY = "1,2";
			};
			name = Release;
		};
		6F70219E239DADA500BE5694 /* Debug */ = {
			isa = XCBuildConfiguration;
			baseConfigurationReference = F12B3F980906A758EB023CB5 /* Pods-weatherTomorrowTests.debug.xcconfig */;
			buildSettings = {
				ALWAYS_EMBED_SWIFT_STANDARD_LIBRARIES = YES;
				BUNDLE_LOADER = "$(TEST_HOST)";
				CODE_SIGN_STYLE = Automatic;
				DEVELOPMENT_TEAM = 29K9HB3D8G;
				INFOPLIST_FILE = weatherTomorrowTests/Info.plist;
				IPHONEOS_DEPLOYMENT_TARGET = 13.2;
				LD_RUNPATH_SEARCH_PATHS = (
					"$(inherited)",
					"@executable_path/Frameworks",
					"@loader_path/Frameworks",
				);
				PRODUCT_BUNDLE_IDENTIFIER = RB.weatherTomorrowTests;
				PRODUCT_NAME = "$(TARGET_NAME)";
				SWIFT_VERSION = 5.0;
				TARGETED_DEVICE_FAMILY = "1,2";
				TEST_HOST = "$(BUILT_PRODUCTS_DIR)/weatherTomorrow.app/weatherTomorrow";
			};
			name = Debug;
		};
		6F70219F239DADA500BE5694 /* Release */ = {
			isa = XCBuildConfiguration;
			baseConfigurationReference = 17C9B368D99F6669C3D9F4E4 /* Pods-weatherTomorrowTests.release.xcconfig */;
			buildSettings = {
				ALWAYS_EMBED_SWIFT_STANDARD_LIBRARIES = YES;
				BUNDLE_LOADER = "$(TEST_HOST)";
				CODE_SIGN_STYLE = Automatic;
				DEVELOPMENT_TEAM = 29K9HB3D8G;
				INFOPLIST_FILE = weatherTomorrowTests/Info.plist;
				IPHONEOS_DEPLOYMENT_TARGET = 13.2;
				LD_RUNPATH_SEARCH_PATHS = (
					"$(inherited)",
					"@executable_path/Frameworks",
					"@loader_path/Frameworks",
				);
				PRODUCT_BUNDLE_IDENTIFIER = RB.weatherTomorrowTests;
				PRODUCT_NAME = "$(TARGET_NAME)";
				SWIFT_VERSION = 5.0;
				TARGETED_DEVICE_FAMILY = "1,2";
				TEST_HOST = "$(BUILT_PRODUCTS_DIR)/weatherTomorrow.app/weatherTomorrow";
			};
			name = Release;
		};
		6F7021A1239DADA500BE5694 /* Debug */ = {
			isa = XCBuildConfiguration;
			baseConfigurationReference = 6D992596E3B0E063D2275853 /* Pods-weatherTomorrowUITests.debug.xcconfig */;
			buildSettings = {
				ALWAYS_EMBED_SWIFT_STANDARD_LIBRARIES = YES;
				CODE_SIGN_STYLE = Automatic;
				DEVELOPMENT_TEAM = 29K9HB3D8G;
				INFOPLIST_FILE = weatherTomorrowUITests/Info.plist;
				LD_RUNPATH_SEARCH_PATHS = (
					"$(inherited)",
					"@executable_path/Frameworks",
					"@loader_path/Frameworks",
				);
				PRODUCT_BUNDLE_IDENTIFIER = RB.weatherTomorrowUITests;
				PRODUCT_NAME = "$(TARGET_NAME)";
				SWIFT_VERSION = 5.0;
				TARGETED_DEVICE_FAMILY = "1,2";
				TEST_TARGET_NAME = weatherTomorrow;
			};
			name = Debug;
		};
		6F7021A2239DADA500BE5694 /* Release */ = {
			isa = XCBuildConfiguration;
			baseConfigurationReference = AF32254B264067EE66CBEA83 /* Pods-weatherTomorrowUITests.release.xcconfig */;
			buildSettings = {
				ALWAYS_EMBED_SWIFT_STANDARD_LIBRARIES = YES;
				CODE_SIGN_STYLE = Automatic;
				DEVELOPMENT_TEAM = 29K9HB3D8G;
				INFOPLIST_FILE = weatherTomorrowUITests/Info.plist;
				LD_RUNPATH_SEARCH_PATHS = (
					"$(inherited)",
					"@executable_path/Frameworks",
					"@loader_path/Frameworks",
				);
				PRODUCT_BUNDLE_IDENTIFIER = RB.weatherTomorrowUITests;
				PRODUCT_NAME = "$(TARGET_NAME)";
				SWIFT_VERSION = 5.0;
				TARGETED_DEVICE_FAMILY = "1,2";
				TEST_TARGET_NAME = weatherTomorrow;
			};
			name = Release;
		};
/* End XCBuildConfiguration section */

/* Begin XCConfigurationList section */
		6F70216B239DADA200BE5694 /* Build configuration list for PBXProject "weatherTomorrow" */ = {
			isa = XCConfigurationList;
			buildConfigurations = (
				6F702198239DADA500BE5694 /* Debug */,
				6F702199239DADA500BE5694 /* Release */,
			);
			defaultConfigurationIsVisible = 0;
			defaultConfigurationName = Release;
		};
		6F70219A239DADA500BE5694 /* Build configuration list for PBXNativeTarget "weatherTomorrow" */ = {
			isa = XCConfigurationList;
			buildConfigurations = (
				6F70219B239DADA500BE5694 /* Debug */,
				6F70219C239DADA500BE5694 /* Release */,
			);
			defaultConfigurationIsVisible = 0;
			defaultConfigurationName = Release;
		};
		6F70219D239DADA500BE5694 /* Build configuration list for PBXNativeTarget "weatherTomorrowTests" */ = {
			isa = XCConfigurationList;
			buildConfigurations = (
				6F70219E239DADA500BE5694 /* Debug */,
				6F70219F239DADA500BE5694 /* Release */,
			);
			defaultConfigurationIsVisible = 0;
			defaultConfigurationName = Release;
		};
		6F7021A0239DADA500BE5694 /* Build configuration list for PBXNativeTarget "weatherTomorrowUITests" */ = {
			isa = XCConfigurationList;
			buildConfigurations = (
				6F7021A1239DADA500BE5694 /* Debug */,
				6F7021A2239DADA500BE5694 /* Release */,
			);
			defaultConfigurationIsVisible = 0;
			defaultConfigurationName = Release;
		};
/* End XCConfigurationList section */
	};
	rootObject = 6F702168239DADA200BE5694 /* Project object */;
}
